
Microsoft Visual Studio Solution File, Format Version 12.00
# Visual Studio Version 16
VisualStudioVersion = 16.0.31729.503
MinimumVisualStudioVersion = 10.0.40219.1
Project("{FAE04EC0-301F-11D3-BF4B-00C04F79EFBC}") = "SeleccionarTodo", "SeleccionarTodo\SeleccionarTodo.csproj", "{F72FF8E8-E01A-495D-94D7-526073B68899}"
EndProject
Global
	GlobalSection(SolutionConfigurationPlatforms) = preSolution
		Debug|Any CPU = Debug|Any CPU
		Release|Any CPU = Release|Any CPU
	EndGlobalSection
	GlobalSection(ProjectConfigurationPlatforms) = postSolution
		{F72FF8E8-E01A-495D-94D7-526073B68899}.Debug|Any CPU.ActiveCfg = Debug|Any CPU
		{F72FF8E8-E01A-495D-94D7-526073B68899}.Debug|Any CPU.Build.0 = Debug|Any CPU
		{F72FF8E8-E01A-495D-94D7-526073B68899}.Release|Any CPU.ActiveCfg = Release|Any CPU
		{F72FF8E8-E01A-495D-94D7-526073B68899}.Release|Any CPU.Build.0 = Release|Any CPU
	EndGlobalSection
	GlobalSection(SolutionProperties) = preSolution
		HideSolutionNode = FALSE
	EndGlobalSection
	GlobalSection(ExtensibilityGlobals) = postSolution
		SolutionGuid = {85CEBEEB-C6A5-4FA1-8EA1-25C0C3DF4A56}
	EndGlobalSection
EndGlobal
